
Microsoft Visual Studio Solution File, Format Version 12.00
# Visual Studio Version 17
VisualStudioVersion = 17.12.35527.113
MinimumVisualStudioVersion = 10.0.40219.1
Project("{2150E333-8FDC-42A3-9474-1A3956D46DE8}") = "services", "services", "{2BAFBAAF-BEFD-4CD0-921B-B635AC2E97FF}"
EndProject
Project("{2150E333-8FDC-42A3-9474-1A3956D46DE8}") = "catalog", "catalog", "{64D4D319-AFB4-4A1F-8E85-C1651EC8040C}"
EndProject
Project("{FAE04EC0-301F-11D3-BF4B-00C04F79EFBC}") = "Catalog.API", "services\catalog\Catalog.API\Catalog.API.csproj", "{BADD4DD0-E700-42CD-A419-DBD2B3BD705F}"
EndProject
Project("{2150E333-8FDC-42A3-9474-1A3956D46DE8}") = "BuildingBlocks", "BuildingBlocks", "{4722D86C-4600-4B60-AE71-3543E2AE51D9}"
EndProject
Project("{FAE04EC0-301F-11D3-BF4B-00C04F79EFBC}") = "BuildingBlocks", "BuildingBlocks\BuildingBlocks\BuildingBlocks.csproj", "{29F2B230-8391-4DC6-A3F0-75FFB61E3D15}"
EndProject
Project("{E53339B2-1760-4266-BCC7-CA923CBCF16C}") = "docker-compose", "docker-compose.dcproj", "{5F451022-FD5F-417A-A72C-75CCC11E7320}"
EndProject
Project("{2150E333-8FDC-42A3-9474-1A3956D46DE8}") = "basket", "basket", "{8046850D-5096-4815-884C-0C4F87497BE5}"
EndProject
Project("{FAE04EC0-301F-11D3-BF4B-00C04F79EFBC}") = "Basket.API", "services\Basket\Basket.API\Basket.API.csproj", "{465738C0-5203-4698-B11D-F0CE8AE450AE}"
EndProject
Project("{2150E333-8FDC-42A3-9474-1A3956D46DE8}") = "discount", "discount", "{31E756C8-126C-4048-9214-A20BF21AF589}"
EndProject
Project("{FAE04EC0-301F-11D3-BF4B-00C04F79EFBC}") = "Discount.Grpc", "services\discount\Discount.Grpc\Discount.Grpc.csproj", "{08231C26-14E8-4620-9C80-0F7C91A542F6}"
EndProject
Project("{2150E333-8FDC-42A3-9474-1A3956D46DE8}") = "ordering", "ordering", "{7C1428D3-448F-45CF-AAC7-81630210CE0E}"
EndProject
Project("{FAE04EC0-301F-11D3-BF4B-00C04F79EFBC}") = "Ordering.API", "services\ordering\Ordering.API\Ordering.API.csproj", "{A5E75407-3AD1-4597-B7DF-DB66DC6F960D}"
EndProject
Project("{FAE04EC0-301F-11D3-BF4B-00C04F79EFBC}") = "Ordering.Domain", "services\ordering\Ordering.Domain\Ordering.Domain.csproj", "{80F9A949-B1B3-4C9A-A840-76E8BD120228}"
EndProject
Project("{FAE04EC0-301F-11D3-BF4B-00C04F79EFBC}") = "Ordering.Application", "services\ordering\Ordering.Application\Ordering.Application.csproj", "{8225DDAC-B934-4FC3-8279-5639691622B2}"
EndProject
Project("{FAE04EC0-301F-11D3-BF4B-00C04F79EFBC}") = "Ordering.Infrastructure", "services\ordering\Ordering.Infrastructure\Ordering.Infrastructure.csproj", "{D7563868-FB5B-4981-9FFE-D524A51D7EBE}"
EndProject
Project("{FAE04EC0-301F-11D3-BF4B-00C04F79EFBC}") = "BuildingBlocks.Messaging", "BuildingBlocks\BuildingBlocks.Messaging\BuildingBlocks.Messaging.csproj", "{69E3C8EF-352B-484C-B246-24DF356596A8}"
EndProject
Project("{2150E333-8FDC-42A3-9474-1A3956D46DE8}") = "WebApps", "WebApps", "{02EA681E-C7D8-13C7-8484-4AC65E1B71E8}"
EndProject
Project("{FAE04EC0-301F-11D3-BF4B-00C04F79EFBC}") = "Shopping.Web", "WebApps\Shopping.Web\Shopping.Web.csproj", "{D92AC872-C058-4FBD-B085-9198CD7B5850}"
EndProject
Global
	GlobalSection(SolutionConfigurationPlatforms) = preSolution
		Debug|Any CPU = Debug|Any CPU
		Release|Any CPU = Release|Any CPU
	EndGlobalSection
	GlobalSection(ProjectConfigurationPlatforms) = postSolution
		{BADD4DD0-E700-42CD-A419-DBD2B3BD705F}.Debug|Any CPU.ActiveCfg = Debug|Any CPU
		{BADD4DD0-E700-42CD-A419-DBD2B3BD705F}.Debug|Any CPU.Build.0 = Debug|Any CPU
		{BADD4DD0-E700-42CD-A419-DBD2B3BD705F}.Release|Any CPU.ActiveCfg = Release|Any CPU
		{BADD4DD0-E700-42CD-A419-DBD2B3BD705F}.Release|Any CPU.Build.0 = Release|Any CPU
		{29F2B230-8391-4DC6-A3F0-75FFB61E3D15}.Debug|Any CPU.ActiveCfg = Debug|Any CPU
		{29F2B230-8391-4DC6-A3F0-75FFB61E3D15}.Debug|Any CPU.Build.0 = Debug|Any CPU
		{29F2B230-8391-4DC6-A3F0-75FFB61E3D15}.Release|Any CPU.ActiveCfg = Release|Any CPU
		{29F2B230-8391-4DC6-A3F0-75FFB61E3D15}.Release|Any CPU.Build.0 = Release|Any CPU
		{5F451022-FD5F-417A-A72C-75CCC11E7320}.Debug|Any CPU.ActiveCfg = Debug|Any CPU
		{5F451022-FD5F-417A-A72C-75CCC11E7320}.Debug|Any CPU.Build.0 = Debug|Any CPU
		{5F451022-FD5F-417A-A72C-75CCC11E7320}.Release|Any CPU.ActiveCfg = Release|Any CPU
		{5F451022-FD5F-417A-A72C-75CCC11E7320}.Release|Any CPU.Build.0 = Release|Any CPU
		{465738C0-5203-4698-B11D-F0CE8AE450AE}.Debug|Any CPU.ActiveCfg = Debug|Any CPU
		{465738C0-5203-4698-B11D-F0CE8AE450AE}.Debug|Any CPU.Build.0 = Debug|Any CPU
		{465738C0-5203-4698-B11D-F0CE8AE450AE}.Release|Any CPU.ActiveCfg = Release|Any CPU
		{465738C0-5203-4698-B11D-F0CE8AE450AE}.Release|Any CPU.Build.0 = Release|Any CPU
		{08231C26-14E8-4620-9C80-0F7C91A542F6}.Debug|Any CPU.ActiveCfg = Debug|Any CPU
		{08231C26-14E8-4620-9C80-0F7C91A542F6}.Debug|Any CPU.Build.0 = Debug|Any CPU
		{08231C26-14E8-4620-9C80-0F7C91A542F6}.Release|Any CPU.ActiveCfg = Release|Any CPU
		{08231C26-14E8-4620-9C80-0F7C91A542F6}.Release|Any CPU.Build.0 = Release|Any CPU
		{A5E75407-3AD1-4597-B7DF-DB66DC6F960D}.Debug|Any CPU.ActiveCfg = Debug|Any CPU
		{A5E75407-3AD1-4597-B7DF-DB66DC6F960D}.Debug|Any CPU.Build.0 = Debug|Any CPU
		{A5E75407-3AD1-4597-B7DF-DB66DC6F960D}.Release|Any CPU.ActiveCfg = Release|Any CPU
		{A5E75407-3AD1-4597-B7DF-DB66DC6F960D}.Release|Any CPU.Build.0 = Release|Any CPU
		{80F9A949-B1B3-4C9A-A840-76E8BD120228}.Debug|Any CPU.ActiveCfg = Debug|Any CPU
		{80F9A949-B1B3-4C9A-A840-76E8BD120228}.Debug|Any CPU.Build.0 = Debug|Any CPU
		{80F9A949-B1B3-4C9A-A840-76E8BD120228}.Release|Any CPU.ActiveCfg = Release|Any CPU
		{80F9A949-B1B3-4C9A-A840-76E8BD120228}.Release|Any CPU.Build.0 = Release|Any CPU
		{8225DDAC-B934-4FC3-8279-5639691622B2}.Debug|Any CPU.ActiveCfg = Debug|Any CPU
		{8225DDAC-B934-4FC3-8279-5639691622B2}.Debug|Any CPU.Build.0 = Debug|Any CPU
		{8225DDAC-B934-4FC3-8279-5639691622B2}.Release|Any CPU.ActiveCfg = Release|Any CPU
		{8225DDAC-B934-4FC3-8279-5639691622B2}.Release|Any CPU.Build.0 = Release|Any CPU
		{D7563868-FB5B-4981-9FFE-D524A51D7EBE}.Debug|Any CPU.ActiveCfg = Debug|Any CPU
		{D7563868-FB5B-4981-9FFE-D524A51D7EBE}.Debug|Any CPU.Build.0 = Debug|Any CPU
		{D7563868-FB5B-4981-9FFE-D524A51D7EBE}.Release|Any CPU.ActiveCfg = Release|Any CPU
		{D7563868-FB5B-4981-9FFE-D524A51D7EBE}.Release|Any CPU.Build.0 = Release|Any CPU
		{69E3C8EF-352B-484C-B246-24DF356596A8}.Debug|Any CPU.ActiveCfg = Debug|Any CPU
		{69E3C8EF-352B-484C-B246-24DF356596A8}.Debug|Any CPU.Build.0 = Debug|Any CPU
		{69E3C8EF-352B-484C-B246-24DF356596A8}.Release|Any CPU.ActiveCfg = Release|Any CPU
		{69E3C8EF-352B-484C-B246-24DF356596A8}.Release|Any CPU.Build.0 = Release|Any CPU
		{D92AC872-C058-4FBD-B085-9198CD7B5850}.Debug|Any CPU.ActiveCfg = Debug|Any CPU
		{D92AC872-C058-4FBD-B085-9198CD7B5850}.Debug|Any CPU.Build.0 = Debug|Any CPU
		{D92AC872-C058-4FBD-B085-9198CD7B5850}.Release|Any CPU.ActiveCfg = Release|Any CPU
		{D92AC872-C058-4FBD-B085-9198CD7B5850}.Release|Any CPU.Build.0 = Release|Any CPU
	EndGlobalSection
	GlobalSection(SolutionProperties) = preSolution
		HideSolutionNode = FALSE
	EndGlobalSection
	GlobalSection(NestedProjects) = preSolution
		{64D4D319-AFB4-4A1F-8E85-C1651EC8040C} = {2BAFBAAF-BEFD-4CD0-921B-B635AC2E97FF}
		{BADD4DD0-E700-42CD-A419-DBD2B3BD705F} = {64D4D319-AFB4-4A1F-8E85-C1651EC8040C}
		{29F2B230-8391-4DC6-A3F0-75FFB61E3D15} = {4722D86C-4600-4B60-AE71-3543E2AE51D9}
		{8046850D-5096-4815-884C-0C4F87497BE5} = {2BAFBAAF-BEFD-4CD0-921B-B635AC2E97FF}
		{465738C0-5203-4698-B11D-F0CE8AE450AE} = {8046850D-5096-4815-884C-0C4F87497BE5}
		{31E756C8-126C-4048-9214-A20BF21AF589} = {2BAFBAAF-BEFD-4CD0-921B-B635AC2E97FF}
		{08231C26-14E8-4620-9C80-0F7C91A542F6} = {31E756C8-126C-4048-9214-A20BF21AF589}
		{7C1428D3-448F-45CF-AAC7-81630210CE0E} = {2BAFBAAF-BEFD-4CD0-921B-B635AC2E97FF}
		{A5E75407-3AD1-4597-B7DF-DB66DC6F960D} = {7C1428D3-448F-45CF-AAC7-81630210CE0E}
		{80F9A949-B1B3-4C9A-A840-76E8BD120228} = {7C1428D3-448F-45CF-AAC7-81630210CE0E}
		{8225DDAC-B934-4FC3-8279-5639691622B2} = {7C1428D3-448F-45CF-AAC7-81630210CE0E}
		{D7563868-FB5B-4981-9FFE-D524A51D7EBE} = {7C1428D3-448F-45CF-AAC7-81630210CE0E}
		{69E3C8EF-352B-484C-B246-24DF356596A8} = {4722D86C-4600-4B60-AE71-3543E2AE51D9}
		{D92AC872-C058-4FBD-B085-9198CD7B5850} = {02EA681E-C7D8-13C7-8484-4AC65E1B71E8}
	EndGlobalSection
	GlobalSection(ExtensibilityGlobals) = postSolution
		SolutionGuid = {A3339916-E337-47FD-9293-93C418742605}
	EndGlobalSection
EndGlobal
